// !$*UTF8*$!
{
	archiveVersion = 1;
	classes = {
	};
	objectVersion = 55;
	objects = {

/* Begin PBXBuildFile section */
		3829FDABBB88F92ABC483933 /* Pods_Today.framework in Frameworks */ = {isa = PBXBuildFile; fileRef = EFF69AB25F1F687BAB757D2D /* Pods_Today.framework */; };
		CE7F14FC2816900C00832D13 /* ItemTableViewCell.swift in Sources */ = {isa = PBXBuildFile; fileRef = CE7F14FA2816900C00832D13 /* ItemTableViewCell.swift */; };
		CE7F14FD2816900C00832D13 /* ItemTableViewCell.xib in Resources */ = {isa = PBXBuildFile; fileRef = CE7F14FB2816900C00832D13 /* ItemTableViewCell.xib */; };
		CE7F14FF2816DC7000832D13 /* SeriousTableViewController.swift in Sources */ = {isa = PBXBuildFile; fileRef = CE7F14FE2816DC7000832D13 /* SeriousTableViewController.swift */; };
		CE7F15012816DD8200832D13 /* DataManager.swift in Sources */ = {isa = PBXBuildFile; fileRef = CE7F15002816DD8200832D13 /* DataManager.swift */; };
		CE7F15062818526900832D13 /* Realm in Frameworks */ = {isa = PBXBuildFile; productRef = CE7F15052818526900832D13 /* Realm */; };
		CE7F15082818526900832D13 /* RealmSwift in Frameworks */ = {isa = PBXBuildFile; productRef = CE7F15072818526900832D13 /* RealmSwift */; };
		CE7F150A2818533200832D13 /* Item.swift in Sources */ = {isa = PBXBuildFile; fileRef = CE7F15092818533200832D13 /* Item.swift */; };
		CE7F150C28185C1500832D13 /* Category.swift in Sources */ = {isa = PBXBuildFile; fileRef = CE7F150B28185C1500832D13 /* Category.swift */; };
		CE89DCDE2812D9A100222878 /* CategoryTableViewController.swift in Sources */ = {isa = PBXBuildFile; fileRef = CE89DCDD2812D9A100222878 /* CategoryTableViewController.swift */; };
		CECA4429280C355E000D2FA1 /* AppDelegate.swift in Sources */ = {isa = PBXBuildFile; fileRef = CECA4428280C355E000D2FA1 /* AppDelegate.swift */; };
		CECA442B280C355E000D2FA1 /* SceneDelegate.swift in Sources */ = {isa = PBXBuildFile; fileRef = CECA442A280C355E000D2FA1 /* SceneDelegate.swift */; };
		CECA442D280C355E000D2FA1 /* TodayViewController.swift in Sources */ = {isa = PBXBuildFile; fileRef = CECA442C280C355E000D2FA1 /* TodayViewController.swift */; };
		CECA4430280C355E000D2FA1 /* Main.storyboard in Resources */ = {isa = PBXBuildFile; fileRef = CECA442E280C355E000D2FA1 /* Main.storyboard */; };
		CECA4432280C355E000D2FA1 /* Assets.xcassets in Resources */ = {isa = PBXBuildFile; fileRef = CECA4431280C355E000D2FA1 /* Assets.xcassets */; };
		CECA4435280C355E000D2FA1 /* LaunchScreen.storyboard in Resources */ = {isa = PBXBuildFile; fileRef = CECA4433280C355E000D2FA1 /* LaunchScreen.storyboard */; };
		CECA443D280C3609000D2FA1 /* Constants.swift in Sources */ = {isa = PBXBuildFile; fileRef = CECA443C280C3609000D2FA1 /* Constants.swift */; };
/* End PBXBuildFile section */

/* Begin PBXFileReference section */
		A3969549C1B08546D5F38A91 /* Pods-Today.release.xcconfig */ = {isa = PBXFileReference; includeInIndex = 1; lastKnownFileType = text.xcconfig; name = "Pods-Today.release.xcconfig"; path = "Target Support Files/Pods-Today/Pods-Today.release.xcconfig"; sourceTree = "<group>"; };
		CE7F14FA2816900C00832D13 /* ItemTableViewCell.swift */ = {isa = PBXFileReference; lastKnownFileType = sourcecode.swift; path = ItemTableViewCell.swift; sourceTree = "<group>"; };
		CE7F14FB2816900C00832D13 /* ItemTableViewCell.xib */ = {isa = PBXFileReference; lastKnownFileType = file.xib; path = ItemTableViewCell.xib; sourceTree = "<group>"; };
		CE7F14FE2816DC7000832D13 /* SeriousTableViewController.swift */ = {isa = PBXFileReference; lastKnownFileType = sourcecode.swift; path = SeriousTableViewController.swift; sourceTree = "<group>"; };
		CE7F15002816DD8200832D13 /* DataManager.swift */ = {isa = PBXFileReference; lastKnownFileType = sourcecode.swift; path = DataManager.swift; sourceTree = "<group>"; };
		CE7F15092818533200832D13 /* Item.swift */ = {isa = PBXFileReference; lastKnownFileType = sourcecode.swift; path = Item.swift; sourceTree = "<group>"; };
		CE7F150B28185C1500832D13 /* Category.swift */ = {isa = PBXFileReference; lastKnownFileType = sourcecode.swift; path = Category.swift; sourceTree = "<group>"; };
		CE89DCDD2812D9A100222878 /* CategoryTableViewController.swift */ = {isa = PBXFileReference; lastKnownFileType = sourcecode.swift; path = CategoryTableViewController.swift; sourceTree = "<group>"; };
		CECA4425280C355E000D2FA1 /* Today.app */ = {isa = PBXFileReference; explicitFileType = wrapper.application; includeInIndex = 0; path = Today.app; sourceTree = BUILT_PRODUCTS_DIR; };
		CECA4428280C355E000D2FA1 /* AppDelegate.swift */ = {isa = PBXFileReference; lastKnownFileType = sourcecode.swift; path = AppDelegate.swift; sourceTree = "<group>"; };
		CECA442A280C355E000D2FA1 /* SceneDelegate.swift */ = {isa = PBXFileReference; lastKnownFileType = sourcecode.swift; path = SceneDelegate.swift; sourceTree = "<group>"; };
		CECA442C280C355E000D2FA1 /* TodayViewController.swift */ = {isa = PBXFileReference; lastKnownFileType = sourcecode.swift; path = TodayViewController.swift; sourceTree = "<group>"; };
		CECA442F280C355E000D2FA1 /* Base */ = {isa = PBXFileReference; lastKnownFileType = file.storyboard; name = Base; path = Base.lproj/Main.storyboard; sourceTree = "<group>"; };
		CECA4431280C355E000D2FA1 /* Assets.xcassets */ = {isa = PBXFileReference; lastKnownFileType = folder.assetcatalog; path = Assets.xcassets; sourceTree = "<group>"; };
		CECA4434280C355E000D2FA1 /* Base */ = {isa = PBXFileReference; lastKnownFileType = file.storyboard; name = Base; path = Base.lproj/LaunchScreen.storyboard; sourceTree = "<group>"; };
		CECA4436280C355E000D2FA1 /* Info.plist */ = {isa = PBXFileReference; lastKnownFileType = text.plist.xml; path = Info.plist; sourceTree = "<group>"; };
		CECA443C280C3609000D2FA1 /* Constants.swift */ = {isa = PBXFileReference; lastKnownFileType = sourcecode.swift; path = Constants.swift; sourceTree = "<group>"; };
		D0364618BA8B907D6C356985 /* Pods-Today.debug.xcconfig */ = {isa = PBXFileReference; includeInIndex = 1; lastKnownFileType = text.xcconfig; name = "Pods-Today.debug.xcconfig"; path = "Target Support Files/Pods-Today/Pods-Today.debug.xcconfig"; sourceTree = "<group>"; };
		EFF69AB25F1F687BAB757D2D /* Pods_Today.framework */ = {isa = PBXFileReference; explicitFileType = wrapper.framework; includeInIndex = 0; path = Pods_Today.framework; sourceTree = BUILT_PRODUCTS_DIR; };
/* End PBXFileReference section */

/* Begin PBXFrameworksBuildPhase section */
		CECA4422280C355E000D2FA1 /* Frameworks */ = {
			isa = PBXFrameworksBuildPhase;
			buildActionMask = 2147483647;
			files = (
				CE7F15082818526900832D13 /* RealmSwift in Frameworks */,
				CE7F15062818526900832D13 /* Realm in Frameworks */,
				3829FDABBB88F92ABC483933 /* Pods_Today.framework in Frameworks */,
			);
			runOnlyForDeploymentPostprocessing = 0;
		};
/* End PBXFrameworksBuildPhase section */

/* Begin PBXGroup section */
		CECA441C280C355D000D2FA1 = {
			isa = PBXGroup;
			children = (
				CECA4427280C355E000D2FA1 /* Today */,
				CECA4426280C355E000D2FA1 /* Products */,
				DBFA8DD0A99E554D80B45F82 /* Pods */,
				EABC4E06776F8D259D8B8B09 /* Frameworks */,
			);
			sourceTree = "<group>";
		};
		CECA4426280C355E000D2FA1 /* Products */ = {
			isa = PBXGroup;
			children = (
				CECA4425280C355E000D2FA1 /* Today.app */,
			);
			name = Products;
			sourceTree = "<group>";
		};
		CECA4427280C355E000D2FA1 /* Today */ = {
			isa = PBXGroup;
			children = (
				CECA4428280C355E000D2FA1 /* AppDelegate.swift */,
				CECA442A280C355E000D2FA1 /* SceneDelegate.swift */,
				CECA4441280EACC1000D2FA1 /* Controller */,
				CECA4440280EACB1000D2FA1 /* Model */,
				CECA4442280EACCD000D2FA1 /* View */,
				CECA4443280EACE2000D2FA1 /* Supporting files */,
				CECA4436280C355E000D2FA1 /* Info.plist */,
			);
			path = Today;
			sourceTree = "<group>";
		};
		CECA4440280EACB1000D2FA1 /* Model */ = {
			isa = PBXGroup;
			children = (
				CE7F15002816DD8200832D13 /* DataManager.swift */,
				CE7F15092818533200832D13 /* Item.swift */,
				CE7F150B28185C1500832D13 /* Category.swift */,
			);
			path = Model;
			sourceTree = "<group>";
		};
		CECA4441280EACC1000D2FA1 /* Controller */ = {
			isa = PBXGroup;
			children = (
				CE89DCDD2812D9A100222878 /* CategoryTableViewController.swift */,
				CECA442C280C355E000D2FA1 /* TodayViewController.swift */,
				CE7F14FE2816DC7000832D13 /* SeriousTableViewController.swift */,
			);
			path = Controller;
			sourceTree = "<group>";
		};
		CECA4442280EACCD000D2FA1 /* View */ = {
			isa = PBXGroup;
			children = (
				CECA442E280C355E000D2FA1 /* Main.storyboard */,
				CE7F14FA2816900C00832D13 /* ItemTableViewCell.swift */,
				CE7F14FB2816900C00832D13 /* ItemTableViewCell.xib */,
			);
			path = View;
			sourceTree = "<group>";
		};
		CECA4443280EACE2000D2FA1 /* Supporting files */ = {
			isa = PBXGroup;
			children = (
				CECA4431280C355E000D2FA1 /* Assets.xcassets */,
				CECA4433280C355E000D2FA1 /* LaunchScreen.storyboard */,
				CECA443C280C3609000D2FA1 /* Constants.swift */,
			);
			path = "Supporting files";
			sourceTree = "<group>";
		};
		DBFA8DD0A99E554D80B45F82 /* Pods */ = {
			isa = PBXGroup;
			children = (
				D0364618BA8B907D6C356985 /* Pods-Today.debug.xcconfig */,
				A3969549C1B08546D5F38A91 /* Pods-Today.release.xcconfig */,
			);
			path = Pods;
			sourceTree = "<group>";
		};
		EABC4E06776F8D259D8B8B09 /* Frameworks */ = {
			isa = PBXGroup;
			children = (
				EFF69AB25F1F687BAB757D2D /* Pods_Today.framework */,
			);
			name = Frameworks;
			sourceTree = "<group>";
		};
/* End PBXGroup section */

/* Begin PBXNativeTarget section */
		CECA4424280C355E000D2FA1 /* Today */ = {
			isa = PBXNativeTarget;
			buildConfigurationList = CECA4439280C355E000D2FA1 /* Build configuration list for PBXNativeTarget "Today" */;
			buildPhases = (
				A61146EA7ED38FD9DB7CB1B9 /* [CP] Check Pods Manifest.lock */,
				CECA4421280C355E000D2FA1 /* Sources */,
				CECA4422280C355E000D2FA1 /* Frameworks */,
				CECA4423280C355E000D2FA1 /* Resources */,
				F094CEE4A97F37FBFFD5F1F9 /* [CP] Embed Pods Frameworks */,
			);
			buildRules = (
			);
			dependencies = (
			);
			name = Today;
			packageProductDependencies = (
				CE7F15052818526900832D13 /* Realm */,
				CE7F15072818526900832D13 /* RealmSwift */,
			);
			productName = Today;
			productReference = CECA4425280C355E000D2FA1 /* Today.app */;
			productType = "com.apple.product-type.application";
		};
/* End PBXNativeTarget section */

/* Begin PBXProject section */
		CECA441D280C355D000D2FA1 /* Project object */ = {
			isa = PBXProject;
			attributes = {
				BuildIndependentTargetsInParallel = 1;
				LastSwiftUpdateCheck = 1320;
				LastUpgradeCheck = 1320;
				TargetAttributes = {
					CECA4424280C355E000D2FA1 = {
						CreatedOnToolsVersion = 13.2.1;
					};
				};
			};
			buildConfigurationList = CECA4420280C355D000D2FA1 /* Build configuration list for PBXProject "Today" */;
			compatibilityVersion = "Xcode 13.0";
			developmentRegion = en;
			hasScannedForEncodings = 0;
			knownRegions = (
				en,
				Base,
			);
			mainGroup = CECA441C280C355D000D2FA1;
			packageReferences = (
				CE7F15042818526900832D13 /* XCRemoteSwiftPackageReference "realm-swift" */,
			);
			productRefGroup = CECA4426280C355E000D2FA1 /* Products */;
			projectDirPath = "";
			projectRoot = "";
			targets = (
				CECA4424280C355E000D2FA1 /* Today */,
			);
		};
/* End PBXProject section */

/* Begin PBXResourcesBuildPhase section */
		CECA4423280C355E000D2FA1 /* Resources */ = {
			isa = PBXResourcesBuildPhase;
			buildActionMask = 2147483647;
			files = (
				CE7F14FD2816900C00832D13 /* ItemTableViewCell.xib in Resources */,
				CECA4435280C355E000D2FA1 /* LaunchScreen.storyboard in Resources */,
				CECA4432280C355E000D2FA1 /* Assets.xcassets in Resources */,
				CECA4430280C355E000D2FA1 /* Main.storyboard in Resources */,
			);
			runOnlyForDeploymentPostprocessing = 0;
		};
/* End PBXResourcesBuildPhase section */

/* Begin PBXShellScriptBuildPhase section */
		A61146EA7ED38FD9DB7CB1B9 /* [CP] Check Pods Manifest.lock */ = {
			isa = PBXShellScriptBuildPhase;
			buildActionMask = 2147483647;
			files = (
			);
			inputFileListPaths = (
			);
			inputPaths = (
				"${PODS_PODFILE_DIR_PATH}/Podfile.lock",
				"${PODS_ROOT}/Manifest.lock",
			);
			name = "[CP] Check Pods Manifest.lock";
			outputFileListPaths = (
			);
			outputPaths = (
				"$(DERIVED_FILE_DIR)/Pods-Today-checkManifestLockResult.txt",
			);
			runOnlyForDeploymentPostprocessing = 0;
			shellPath = /bin/sh;
			shellScript = "diff \"${PODS_PODFILE_DIR_PATH}/Podfile.lock\" \"${PODS_ROOT}/Manifest.lock\" > /dev/null\nif [ $? != 0 ] ; then\n    # print error to STDERR\n    echo \"error: The sandbox is not in sync with the Podfile.lock. Run 'pod install' or update your CocoaPods installation.\" >&2\n    exit 1\nfi\n# This output is used by Xcode 'outputs' to avoid re-running this script phase.\necho \"SUCCESS\" > \"${SCRIPT_OUTPUT_FILE_0}\"\n";
			showEnvVarsInLog = 0;
		};
		F094CEE4A97F37FBFFD5F1F9 /* [CP] Embed Pods Frameworks */ = {
			isa = PBXShellScriptBuildPhase;
			buildActionMask = 2147483647;
			files = (
			);
			inputFileListPaths = (
				"${PODS_ROOT}/Target Support Files/Pods-Today/Pods-Today-frameworks-${CONFIGURATION}-input-files.xcfilelist",
			);
			name = "[CP] Embed Pods Frameworks";
			outputFileListPaths = (
				"${PODS_ROOT}/Target Support Files/Pods-Today/Pods-Today-frameworks-${CONFIGURATION}-output-files.xcfilelist",
			);
			runOnlyForDeploymentPostprocessing = 0;
			shellPath = /bin/sh;
			shellScript = "\"${PODS_ROOT}/Target Support Files/Pods-Today/Pods-Today-frameworks.sh\"\n";
			showEnvVarsInLog = 0;
		};
/* End PBXShellScriptBuildPhase section */

/* Begin PBXSourcesBuildPhase section */
		CECA4421280C355E000D2FA1 /* Sources */ = {
			isa = PBXSourcesBuildPhase;
			buildActionMask = 2147483647;
			files = (
				CE7F14FF2816DC7000832D13 /* SeriousTableViewController.swift in Sources */,
				CECA442D280C355E000D2FA1 /* TodayViewController.swift in Sources */,
				CECA4429280C355E000D2FA1 /* AppDelegate.swift in Sources */,
				CE7F150C28185C1500832D13 /* Category.swift in Sources */,
				CE7F150A2818533200832D13 /* Item.swift in Sources */,
				CECA442B280C355E000D2FA1 /* SceneDelegate.swift in Sources */,
				CECA443D280C3609000D2FA1 /* Constants.swift in Sources */,
				CE7F14FC2816900C00832D13 /* ItemTableViewCell.swift in Sources */,
				CE7F15012816DD8200832D13 /* DataManager.swift in Sources */,
				CE89DCDE2812D9A100222878 /* CategoryTableViewController.swift in Sources */,
			);
			runOnlyForDeploymentPostprocessing = 0;
		};
/* End PBXSourcesBuildPhase section */

/* Begin PBXVariantGroup section */
		CECA442E280C355E000D2FA1 /* Main.storyboard */ = {
			isa = PBXVariantGroup;
			children = (
				CECA442F280C355E000D2FA1 /* Base */,
			);
			name = Main.storyboard;
			sourceTree = "<group>";
		};
		CECA4433280C355E000D2FA1 /* LaunchScreen.storyboard */ = {
			isa = PBXVariantGroup;
			children = (
				CECA4434280C355E000D2FA1 /* Base */,
			);
			name = LaunchScreen.storyboard;
			sourceTree = "<group>";
		};
/* End PBXVariantGroup section */

/* Begin XCBuildConfiguration section */
		CECA4437280C355E000D2FA1 /* Debug */ = {
			isa = XCBuildConfiguration;
			buildSettings = {
				ALWAYS_SEARCH_USER_PATHS = NO;
				CLANG_ANALYZER_NONNULL = YES;
				CLANG_ANALYZER_NUMBER_OBJECT_CONVERSION = YES_AGGRESSIVE;
				CLANG_CXX_LANGUAGE_STANDARD = "gnu++17";
				CLANG_CXX_LIBRARY = "libc++";
				CLANG_ENABLE_MODULES = YES;
				CLANG_ENABLE_OBJC_ARC = YES;
				CLANG_ENABLE_OBJC_WEAK = YES;
				CLANG_WARN_BLOCK_CAPTURE_AUTORELEASING = YES;
				CLANG_WARN_BOOL_CONVERSION = YES;
				CLANG_WARN_COMMA = YES;
				CLANG_WARN_CONSTANT_CONVERSION = YES;
				CLANG_WARN_DEPRECATED_OBJC_IMPLEMENTATIONS = YES;
				CLANG_WARN_DIRECT_OBJC_ISA_USAGE = YES_ERROR;
				CLANG_WARN_DOCUMENTATION_COMMENTS = YES;
				CLANG_WARN_EMPTY_BODY = YES;
				CLANG_WARN_ENUM_CONVERSION = YES;
				CLANG_WARN_INFINITE_RECURSION = YES;
				CLANG_WARN_INT_CONVERSION = YES;
				CLANG_WARN_NON_LITERAL_NULL_CONVERSION = YES;
				CLANG_WARN_OBJC_IMPLICIT_RETAIN_SELF = YES;
				CLANG_WARN_OBJC_LITERAL_CONVERSION = YES;
				CLANG_WARN_OBJC_ROOT_CLASS = YES_ERROR;
				CLANG_WARN_QUOTED_INCLUDE_IN_FRAMEWORK_HEADER = YES;
				CLANG_WARN_RANGE_LOOP_ANALYSIS = YES;
				CLANG_WARN_STRICT_PROTOTYPES = YES;
				CLANG_WARN_SUSPICIOUS_MOVE = YES;
				CLANG_WARN_UNGUARDED_AVAILABILITY = YES_AGGRESSIVE;
				CLANG_WARN_UNREACHABLE_CODE = YES;
				CLANG_WARN__DUPLICATE_METHOD_MATCH = YES;
				COPY_PHASE_STRIP = NO;
				DEBUG_INFORMATION_FORMAT = dwarf;
				ENABLE_STRICT_OBJC_MSGSEND = YES;
				ENABLE_TESTABILITY = YES;
				GCC_C_LANGUAGE_STANDARD = gnu11;
				GCC_DYNAMIC_NO_PIC = NO;
				GCC_NO_COMMON_BLOCKS = YES;
				GCC_OPTIMIZATION_LEVEL = 0;
				GCC_PREPROCESSOR_DEFINITIONS = (
					"DEBUG=1",
					"$(inherited)",
				);
				GCC_WARN_64_TO_32_BIT_CONVERSION = YES;
				GCC_WARN_ABOUT_RETURN_TYPE = YES_ERROR;
				GCC_WARN_UNDECLARED_SELECTOR = YES;
				GCC_WARN_UNINITIALIZED_AUTOS = YES_AGGRESSIVE;
				GCC_WARN_UNUSED_FUNCTION = YES;
				GCC_WARN_UNUSED_VARIABLE = YES;
				IPHONEOS_DEPLOYMENT_TARGET = 15.2;
				MTL_ENABLE_DEBUG_INFO = INCLUDE_SOURCE;
				MTL_FAST_MATH = YES;
				ONLY_ACTIVE_ARCH = YES;
				SDKROOT = iphoneos;
				SWIFT_ACTIVE_COMPILATION_CONDITIONS = DEBUG;
				SWIFT_OPTIMIZATION_LEVEL = "-Onone";
			};
			name = Debug;
		};
		CECA4438280C355E000D2FA1 /* Release */ = {
			isa = XCBuildConfiguration;
			buildSettings = {
				ALWAYS_SEARCH_USER_PATHS = NO;
				CLANG_ANALYZER_NONNULL = YES;
				CLANG_ANALYZER_NUMBER_OBJECT_CONVERSION = YES_AGGRESSIVE;
				CLANG_CXX_LANGUAGE_STANDARD = "gnu++17";
				CLANG_CXX_LIBRARY = "libc++";
				CLANG_ENABLE_MODULES = YES;
				CLANG_ENABLE_OBJC_ARC = YES;
				CLANG_ENABLE_OBJC_WEAK = YES;
				CLANG_WARN_BLOCK_CAPTURE_AUTORELEASING = YES;
				CLANG_WARN_BOOL_CONVERSION = YES;
				CLANG_WARN_COMMA = YES;
				CLANG_WARN_CONSTANT_CONVERSION = YES;
				CLANG_WARN_DEPRECATED_OBJC_IMPLEMENTATIONS = YES;
				CLANG_WARN_DIRECT_OBJC_ISA_USAGE = YES_ERROR;
				CLANG_WARN_DOCUMENTATION_COMMENTS = YES;
				CLANG_WARN_EMPTY_BODY = YES;
				CLANG_WARN_ENUM_CONVERSION = YES;
				CLANG_WARN_INFINITE_RECURSION = YES;
				CLANG_WARN_INT_CONVERSION = YES;
				CLANG_WARN_NON_LITERAL_NULL_CONVERSION = YES;
				CLANG_WARN_OBJC_IMPLICIT_RETAIN_SELF = YES;
				CLANG_WARN_OBJC_LITERAL_CONVERSION = YES;
				CLANG_WARN_OBJC_ROOT_CLASS = YES_ERROR;
				CLANG_WARN_QUOTED_INCLUDE_IN_FRAMEWORK_HEADER = YES;
				CLANG_WARN_RANGE_LOOP_ANALYSIS = YES;
				CLANG_WARN_STRICT_PROTOTYPES = YES;
				CLANG_WARN_SUSPICIOUS_MOVE = YES;
				CLANG_WARN_UNGUARDED_AVAILABILITY = YES_AGGRESSIVE;
				CLANG_WARN_UNREACHABLE_CODE = YES;
				CLANG_WARN__DUPLICATE_METHOD_MATCH = YES;
				COPY_PHASE_STRIP = NO;
				DEBUG_INFORMATION_FORMAT = "dwarf-with-dsym";
				ENABLE_NS_ASSERTIONS = NO;
				ENABLE_STRICT_OBJC_MSGSEND = YES;
				GCC_C_LANGUAGE_STANDARD = gnu11;
				GCC_NO_COMMON_BLOCKS = YES;
				GCC_WARN_64_TO_32_BIT_CONVERSION = YES;
				GCC_WARN_ABOUT_RETURN_TYPE = YES_ERROR;
				GCC_WARN_UNDECLARED_SELECTOR = YES;
				GCC_WARN_UNINITIALIZED_AUTOS = YES_AGGRESSIVE;
				GCC_WARN_UNUSED_FUNCTION = YES;
				GCC_WARN_UNUSED_VARIABLE = YES;
				IPHONEOS_DEPLOYMENT_TARGET = 15.2;
				MTL_ENABLE_DEBUG_INFO = NO;
				MTL_FAST_MATH = YES;
				SDKROOT = iphoneos;
				SWIFT_COMPILATION_MODE = wholemodule;
				SWIFT_OPTIMIZATION_LEVEL = "-O";
				VALIDATE_PRODUCT = YES;
			};
			name = Release;
		};
		CECA443A280C355E000D2FA1 /* Debug */ = {
			isa = XCBuildConfiguration;
			baseConfigurationReference = D0364618BA8B907D6C356985 /* Pods-Today.debug.xcconfig */;
			buildSettings = {
				ASSETCATALOG_COMPILER_APPICON_NAME = AppIcon;
				ASSETCATALOG_COMPILER_GLOBAL_ACCENT_COLOR_NAME = AccentColor;
				CODE_SIGN_STYLE = Automatic;
				CURRENT_PROJECT_VERSION = 1;
				DEVELOPMENT_TEAM = NYBC469U45;
				GENERATE_INFOPLIST_FILE = YES;
				INFOPLIST_FILE = Today/Info.plist;
				INFOPLIST_KEY_UIApplicationSupportsIndirectInputEvents = YES;
				INFOPLIST_KEY_UILaunchStoryboardName = LaunchScreen;
				INFOPLIST_KEY_UIMainStoryboardFile = Main;
				INFOPLIST_KEY_UISupportedInterfaceOrientations_iPad = "UIInterfaceOrientationPortrait UIInterfaceOrientationPortraitUpsideDown UIInterfaceOrientationLandscapeLeft UIInterfaceOrientationLandscapeRight";
				INFOPLIST_KEY_UISupportedInterfaceOrientations_iPhone = "UIInterfaceOrientationPortrait UIInterfaceOrientationLandscapeLeft UIInterfaceOrientationLandscapeRight";
				LD_RUNPATH_SEARCH_PATHS = (
					"$(inherited)",
					"@executable_path/Frameworks",
				);
				MARKETING_VERSION = 1.0;
				PRODUCT_BUNDLE_IDENTIFIER = com.chuvashov.Today;
				PRODUCT_NAME = "$(TARGET_NAME)";
				SWIFT_EMIT_LOC_STRINGS = YES;
				SWIFT_VERSION = 5.0;
				TARGETED_DEVICE_FAMILY = "1,2";
			};
			name = Debug;
		};
		CECA443B280C355E000D2FA1 /* Release */ = {
			isa = XCBuildConfiguration;
			baseConfigurationReference = A3969549C1B08546D5F38A91 /* Pods-Today.release.xcconfig */;
			buildSettings = {
				ASSETCATALOG_COMPILER_APPICON_NAME = AppIcon;
				ASSETCATALOG_COMPILER_GLOBAL_ACCENT_COLOR_NAME = AccentColor;
				CODE_SIGN_STYLE = Automatic;
				CURRENT_PROJECT_VERSION = 1;
				DEVELOPMENT_TEAM = NYBC469U45;
				GENERATE_INFOPLIST_FILE = YES;
				INFOPLIST_FILE = Today/Info.plist;
				INFOPLIST_KEY_UIApplicationSupportsIndirectInputEvents = YES;
				INFOPLIST_KEY_UILaunchStoryboardName = LaunchScreen;
				INFOPLIST_KEY_UIMainStoryboardFile = Main;
				INFOPLIST_KEY_UISupportedInterfaceOrientations_iPad = "UIInterfaceOrientationPortrait UIInterfaceOrientationPortraitUpsideDown UIInterfaceOrientationLandscapeLeft UIInterfaceOrientationLandscapeRight";
				INFOPLIST_KEY_UISupportedInterfaceOrientations_iPhone = "UIInterfaceOrientationPortrait UIInterfaceOrientationLandscapeLeft UIInterfaceOrientationLandscapeRight";
				LD_RUNPATH_SEARCH_PATHS = (
					"$(inherited)",
					"@executable_path/Frameworks",
				);
				MARKETING_VERSION = 1.0;
				PRODUCT_BUNDLE_IDENTIFIER = com.chuvashov.Today;
				PRODUCT_NAME = "$(TARGET_NAME)";
				SWIFT_EMIT_LOC_STRINGS = YES;
				SWIFT_VERSION = 5.0;
				TARGETED_DEVICE_FAMILY = "1,2";
			};
			name = Release;
		};
/* End XCBuildConfiguration section */

/* Begin XCConfigurationList section */
		CECA4420280C355D000D2FA1 /* Build configuration list for PBXProject "Today" */ = {
			isa = XCConfigurationList;
			buildConfigurations = (
				CECA4437280C355E000D2FA1 /* Debug */,
				CECA4438280C355E000D2FA1 /* Release */,
			);
			defaultConfigurationIsVisible = 0;
			defaultConfigurationName = Release;
		};
		CECA4439280C355E000D2FA1 /* Build configuration list for PBXNativeTarget "Today" */ = {
			isa = XCConfigurationList;
			buildConfigurations = (
				CECA443A280C355E000D2FA1 /* Debug */,
				CECA443B280C355E000D2FA1 /* Release */,
			);
			defaultConfigurationIsVisible = 0;
			defaultConfigurationName = Release;
		};
/* End XCConfigurationList section */

/* Begin XCRemoteSwiftPackageReference section */
		CE7F15042818526900832D13 /* XCRemoteSwiftPackageReference "realm-swift" */ = {
			isa = XCRemoteSwiftPackageReference;
			repositoryURL = "https://github.com/realm/realm-swift.git";
			requirement = {
				kind = upToNextMajorVersion;
				minimumVersion = 10.19.0;
			};
		};
/* End XCRemoteSwiftPackageReference section */

/* Begin XCSwiftPackageProductDependency section */
		CE7F15052818526900832D13 /* Realm */ = {
			isa = XCSwiftPackageProductDependency;
			package = CE7F15042818526900832D13 /* XCRemoteSwiftPackageReference "realm-swift" */;
			productName = Realm;
		};
		CE7F15072818526900832D13 /* RealmSwift */ = {
			isa = XCSwiftPackageProductDependency;
			package = CE7F15042818526900832D13 /* XCRemoteSwiftPackageReference "realm-swift" */;
			productName = RealmSwift;
		};
/* End XCSwiftPackageProductDependency section */
	};
	rootObject = CECA441D280C355D000D2FA1 /* Project object */;
}
